
Microsoft Visual Studio Solution File, Format Version 12.00
# Visual Studio Version 17
VisualStudioVersion = 17.1.32228.430
MinimumVisualStudioVersion = 10.0.40219.1
Project("{FAE04EC0-301F-11D3-BF4B-00C04F79EFBC}") = "PassionProject", "PassionProject\PassionProject.csproj", "{9EE8A0FB-92AF-4794-A444-1479D71BE7CB}"
EndProject
Global
	GlobalSection(SolutionConfigurationPlatforms) = preSolution
		Debug|Any CPU = Debug|Any CPU
		Release|Any CPU = Release|Any CPU
	EndGlobalSection
	GlobalSection(ProjectConfigurationPlatforms) = postSolution
		{9EE8A0FB-92AF-4794-A444-1479D71BE7CB}.Debug|Any CPU.ActiveCfg = Debug|Any CPU
		{9EE8A0FB-92AF-4794-A444-1479D71BE7CB}.Debug|Any CPU.Build.0 = Debug|Any CPU
		{9EE8A0FB-92AF-4794-A444-1479D71BE7CB}.Release|Any CPU.ActiveCfg = Release|Any CPU
		{9EE8A0FB-92AF-4794-A444-1479D71BE7CB}.Release|Any CPU.Build.0 = Release|Any CPU
	EndGlobalSection
	GlobalSection(SolutionProperties) = preSolution
		HideSolutionNode = FALSE
	EndGlobalSection
	GlobalSection(ExtensibilityGlobals) = postSolution
		SolutionGuid = {B0B0F0AA-5FC7-4974-8894-35F26BBFAED5}
	EndGlobalSection
EndGlobal
